
Microsoft Visual Studio Solution File, Format Version 12.00
# Visual Studio Version 16
VisualStudioVersion = 16.0.31605.320
MinimumVisualStudioVersion = 10.0.40219.1
Project("{FAE04EC0-301F-11D3-BF4B-00C04F79EFBC}") = "ProyectoFutbol", "ProyectoFutbol\ProyectoFutbol.csproj", "{638604C5-0CDF-4F61-B03E-84E30BEB3597}"
EndProject
Project("{FAE04EC0-301F-11D3-BF4B-00C04F79EFBC}") = "proyectoFutbolServer", "proyectoFutbolServer\proyectoFutbolServer.csproj", "{10AA159C-0DEF-468E-B451-62C68B864B66}"
EndProject
Global
	GlobalSection(SolutionConfigurationPlatforms) = preSolution
		Debug|Any CPU = Debug|Any CPU
		Release|Any CPU = Release|Any CPU
	EndGlobalSection
	GlobalSection(ProjectConfigurationPlatforms) = postSolution
		{638604C5-0CDF-4F61-B03E-84E30BEB3597}.Debug|Any CPU.ActiveCfg = Debug|Any CPU
		{638604C5-0CDF-4F61-B03E-84E30BEB3597}.Debug|Any CPU.Build.0 = Debug|Any CPU
		{638604C5-0CDF-4F61-B03E-84E30BEB3597}.Release|Any CPU.ActiveCfg = Release|Any CPU
		{638604C5-0CDF-4F61-B03E-84E30BEB3597}.Release|Any CPU.Build.0 = Release|Any CPU
		{10AA159C-0DEF-468E-B451-62C68B864B66}.Debug|Any CPU.ActiveCfg = Debug|Any CPU
		{10AA159C-0DEF-468E-B451-62C68B864B66}.Debug|Any CPU.Build.0 = Debug|Any CPU
		{10AA159C-0DEF-468E-B451-62C68B864B66}.Release|Any CPU.ActiveCfg = Release|Any CPU
		{10AA159C-0DEF-468E-B451-62C68B864B66}.Release|Any CPU.Build.0 = Release|Any CPU
	EndGlobalSection
	GlobalSection(SolutionProperties) = preSolution
		HideSolutionNode = FALSE
	EndGlobalSection
	GlobalSection(ExtensibilityGlobals) = postSolution
		SolutionGuid = {E6DFCBF7-A5CD-4CC2-93C6-06EE22CDC9ED}
	EndGlobalSection
EndGlobal
